
Microsoft Visual Studio Solution File, Format Version 12.00
# Visual Studio 14
VisualStudioVersion = 14.0.22823.1
MinimumVisualStudioVersion = 10.0.40219.1
Project("{2150E333-8FDC-42A3-9474-1A3956D46DE8}") = "src", "src", "{425584B3-3E11-40FF-A5E2-F8B02CC2D600}"
EndProject
Project("{2150E333-8FDC-42A3-9474-1A3956D46DE8}") = "Solution Items", "Solution Items", "{526177DE-1BF7-4180-BF5C-1240C6B1D9BC}"
	ProjectSection(SolutionItems) = preProject
		global.json = global.json
	EndProjectSection
EndProject
Project("{8BB2217D-0F2D-49D1-97BC-3654ED321F3B}") = "Singleton", "src\Singleton\Singleton.xproj", "{E1539B70-E412-4E51-8BD1-5F209E2F6C08}"
EndProject
Global
	GlobalSection(SolutionConfigurationPlatforms) = preSolution
		Debug|Any CPU = Debug|Any CPU
		Release|Any CPU = Release|Any CPU
	EndGlobalSection
	GlobalSection(ProjectConfigurationPlatforms) = postSolution
		{E1539B70-E412-4E51-8BD1-5F209E2F6C08}.Debug|Any CPU.ActiveCfg = Debug|Any CPU
		{E1539B70-E412-4E51-8BD1-5F209E2F6C08}.Debug|Any CPU.Build.0 = Debug|Any CPU
		{E1539B70-E412-4E51-8BD1-5F209E2F6C08}.Release|Any CPU.ActiveCfg = Release|Any CPU
		{E1539B70-E412-4E51-8BD1-5F209E2F6C08}.Release|Any CPU.Build.0 = Release|Any CPU
	EndGlobalSection
	GlobalSection(SolutionProperties) = preSolution
		HideSolutionNode = FALSE
	EndGlobalSection
	GlobalSection(NestedProjects) = preSolution
		{E1539B70-E412-4E51-8BD1-5F209E2F6C08} = {425584B3-3E11-40FF-A5E2-F8B02CC2D600}
	EndGlobalSection
EndGlobal
